
Microsoft Visual Studio Solution File, Format Version 12.00
# Visual Studio Version 16
VisualStudioVersion = 16.0.32929.386
MinimumVisualStudioVersion = 10.0.40219.1
Project("{FAE04EC0-301F-11D3-BF4B-00C04F79EFBC}") = "Basic_Knowledge", "Basic_Knowledge.csproj", "{28F87238-99A0-4498-BE8E-A015E2EFAA63}"
EndProject
Project("{FAE04EC0-301F-11D3-BF4B-00C04F79EFBC}") = "TestsBasicKnowledge", "..\TestsBasicKnowledge\TestsBasicKnowledge.csproj", "{1592B68E-9026-48F2-98CF-5656A6FA7E98}"
EndProject
Global
	GlobalSection(SolutionConfigurationPlatforms) = preSolution
		Debug|Any CPU = Debug|Any CPU
		Release|Any CPU = Release|Any CPU
	EndGlobalSection
	GlobalSection(ProjectConfigurationPlatforms) = postSolution
		{28F87238-99A0-4498-BE8E-A015E2EFAA63}.Debug|Any CPU.ActiveCfg = Debug|Any CPU
		{28F87238-99A0-4498-BE8E-A015E2EFAA63}.Debug|Any CPU.Build.0 = Debug|Any CPU
		{28F87238-99A0-4498-BE8E-A015E2EFAA63}.Release|Any CPU.ActiveCfg = Release|Any CPU
		{28F87238-99A0-4498-BE8E-A015E2EFAA63}.Release|Any CPU.Build.0 = Release|Any CPU
		{1592B68E-9026-48F2-98CF-5656A6FA7E98}.Debug|Any CPU.ActiveCfg = Debug|Any CPU
		{1592B68E-9026-48F2-98CF-5656A6FA7E98}.Debug|Any CPU.Build.0 = Debug|Any CPU
		{1592B68E-9026-48F2-98CF-5656A6FA7E98}.Release|Any CPU.ActiveCfg = Release|Any CPU
		{1592B68E-9026-48F2-98CF-5656A6FA7E98}.Release|Any CPU.Build.0 = Release|Any CPU
	EndGlobalSection
	GlobalSection(SolutionProperties) = preSolution
		HideSolutionNode = FALSE
	EndGlobalSection
	GlobalSection(ExtensibilityGlobals) = postSolution
		SolutionGuid = {764B4DE5-B036-4DD8-8388-44CB39688427}
	EndGlobalSection
EndGlobal
